
Microsoft Visual Studio Solution File, Format Version 12.00
# Visual Studio Version 16
VisualStudioVersion = 16.0.29806.167
MinimumVisualStudioVersion = 10.0.40219.1
Project("{FAE04EC0-301F-11D3-BF4B-00C04F79EFBC}") = "Conference", "Conference\Conference.csproj", "{7E46EC6A-6FF2-4125-961B-4AD447C4440C}"
EndProject
Global
	GlobalSection(SolutionConfigurationPlatforms) = preSolution
		Debug|Any CPU = Debug|Any CPU
		Release|Any CPU = Release|Any CPU
	EndGlobalSection
	GlobalSection(ProjectConfigurationPlatforms) = postSolution
		{7E46EC6A-6FF2-4125-961B-4AD447C4440C}.Debug|Any CPU.ActiveCfg = Debug|Any CPU
		{7E46EC6A-6FF2-4125-961B-4AD447C4440C}.Debug|Any CPU.Build.0 = Debug|Any CPU
		{7E46EC6A-6FF2-4125-961B-4AD447C4440C}.Release|Any CPU.ActiveCfg = Release|Any CPU
		{7E46EC6A-6FF2-4125-961B-4AD447C4440C}.Release|Any CPU.Build.0 = Release|Any CPU
	EndGlobalSection
	GlobalSection(SolutionProperties) = preSolution
		HideSolutionNode = FALSE
	EndGlobalSection
	GlobalSection(ExtensibilityGlobals) = postSolution
		SolutionGuid = {F2D00529-CF31-43D3-8E95-EF04E5044014}
	EndGlobalSection
EndGlobal
